
Microsoft Visual Studio Solution File, Format Version 12.00
# Visual Studio Version 16
VisualStudioVersion = 16.0.30128.74
MinimumVisualStudioVersion = 10.0.40219.1
Project("{9A19103F-16F7-4668-BE54-9A1E7A4F7556}") = "TextSnake", "TextSnake\TextSnake.csproj", "{DE5D3838-C48A-4748-B6B5-D998291DDAE6}"
EndProject
Project("{FAE04EC0-301F-11D3-BF4B-00C04F79EFBC}") = "TextGameFramework", "TextGameFramework\TextGameFramework.csproj", "{62B0B853-14B9-40C0-8213-905433791509}"
EndProject
Project("{FAE04EC0-301F-11D3-BF4B-00C04F79EFBC}") = "GameLib", "GameLib\GameLib.csproj", "{55FEFA99-9BF7-4D88-8F1E-0DAA8AD53D96}"
EndProject
Global
	GlobalSection(SolutionConfigurationPlatforms) = preSolution
		Debug|Any CPU = Debug|Any CPU
		Release|Any CPU = Release|Any CPU
	EndGlobalSection
	GlobalSection(ProjectConfigurationPlatforms) = postSolution
		{DE5D3838-C48A-4748-B6B5-D998291DDAE6}.Debug|Any CPU.ActiveCfg = Debug|Any CPU
		{DE5D3838-C48A-4748-B6B5-D998291DDAE6}.Debug|Any CPU.Build.0 = Debug|Any CPU
		{DE5D3838-C48A-4748-B6B5-D998291DDAE6}.Release|Any CPU.ActiveCfg = Release|Any CPU
		{DE5D3838-C48A-4748-B6B5-D998291DDAE6}.Release|Any CPU.Build.0 = Release|Any CPU
		{62B0B853-14B9-40C0-8213-905433791509}.Debug|Any CPU.ActiveCfg = Debug|Any CPU
		{62B0B853-14B9-40C0-8213-905433791509}.Debug|Any CPU.Build.0 = Debug|Any CPU
		{62B0B853-14B9-40C0-8213-905433791509}.Release|Any CPU.ActiveCfg = Release|Any CPU
		{62B0B853-14B9-40C0-8213-905433791509}.Release|Any CPU.Build.0 = Release|Any CPU
		{55FEFA99-9BF7-4D88-8F1E-0DAA8AD53D96}.Debug|Any CPU.ActiveCfg = Debug|Any CPU
		{55FEFA99-9BF7-4D88-8F1E-0DAA8AD53D96}.Debug|Any CPU.Build.0 = Debug|Any CPU
		{55FEFA99-9BF7-4D88-8F1E-0DAA8AD53D96}.Release|Any CPU.ActiveCfg = Release|Any CPU
		{55FEFA99-9BF7-4D88-8F1E-0DAA8AD53D96}.Release|Any CPU.Build.0 = Release|Any CPU
	EndGlobalSection
	GlobalSection(SolutionProperties) = preSolution
		HideSolutionNode = FALSE
	EndGlobalSection
	GlobalSection(ExtensibilityGlobals) = postSolution
		SolutionGuid = {B1614E08-38D4-42C4-B10B-8F0A00FFEE20}
	EndGlobalSection
EndGlobal
